
Microsoft Visual Studio Solution File, Format Version 12.00
# Visual Studio Version 16
VisualStudioVersion = 16.0.30320.27
MinimumVisualStudioVersion = 10.0.40219.1
Project("{F184B08F-C81C-45F6-A57F-5ABD9991F28F}") = "Parcial2EjerciciosWF", "Parcial2EjerciciosWF.vbproj", "{3200587B-FC1C-4E47-961A-0481C36A1F75}"
EndProject
Global
	GlobalSection(SolutionConfigurationPlatforms) = preSolution
		Debug|Any CPU = Debug|Any CPU
		Release|Any CPU = Release|Any CPU
	EndGlobalSection
	GlobalSection(ProjectConfigurationPlatforms) = postSolution
		{3200587B-FC1C-4E47-961A-0481C36A1F75}.Debug|Any CPU.ActiveCfg = Debug|Any CPU
		{3200587B-FC1C-4E47-961A-0481C36A1F75}.Debug|Any CPU.Build.0 = Debug|Any CPU
		{3200587B-FC1C-4E47-961A-0481C36A1F75}.Release|Any CPU.ActiveCfg = Release|Any CPU
		{3200587B-FC1C-4E47-961A-0481C36A1F75}.Release|Any CPU.Build.0 = Release|Any CPU
	EndGlobalSection
	GlobalSection(SolutionProperties) = preSolution
		HideSolutionNode = FALSE
	EndGlobalSection
	GlobalSection(ExtensibilityGlobals) = postSolution
		SolutionGuid = {9C84B06F-CF37-4C07-90A9-962B0C6682EC}
	EndGlobalSection
EndGlobal
